
Microsoft Visual Studio Solution File, Format Version 12.00
# Visual Studio Version 17
VisualStudioVersion = 17.5.33516.290
MinimumVisualStudioVersion = 10.0.40219.1
Project("{FAE04EC0-301F-11D3-BF4B-00C04F79EFBC}") = "ASHADO", "ASHADO\ASHADO.csproj", "{B7EA3C68-8480-4C7B-AB8E-AE48DAB5EBB1}"
EndProject
Project("{FAE04EC0-301F-11D3-BF4B-00C04F79EFBC}") = "ADOTest", "ADOTest\ADOTest.csproj", "{FA18D86C-3E1C-4C89-AF9E-C94E1D56E567}"
EndProject
Global
	GlobalSection(SolutionConfigurationPlatforms) = preSolution
		Debug|Any CPU = Debug|Any CPU
		Release|Any CPU = Release|Any CPU
	EndGlobalSection
	GlobalSection(ProjectConfigurationPlatforms) = postSolution
		{B7EA3C68-8480-4C7B-AB8E-AE48DAB5EBB1}.Debug|Any CPU.ActiveCfg = Debug|Any CPU
		{B7EA3C68-8480-4C7B-AB8E-AE48DAB5EBB1}.Debug|Any CPU.Build.0 = Debug|Any CPU
		{B7EA3C68-8480-4C7B-AB8E-AE48DAB5EBB1}.Release|Any CPU.ActiveCfg = Release|Any CPU
		{B7EA3C68-8480-4C7B-AB8E-AE48DAB5EBB1}.Release|Any CPU.Build.0 = Release|Any CPU
		{FA18D86C-3E1C-4C89-AF9E-C94E1D56E567}.Debug|Any CPU.ActiveCfg = Debug|Any CPU
		{FA18D86C-3E1C-4C89-AF9E-C94E1D56E567}.Debug|Any CPU.Build.0 = Debug|Any CPU
		{FA18D86C-3E1C-4C89-AF9E-C94E1D56E567}.Release|Any CPU.ActiveCfg = Release|Any CPU
		{FA18D86C-3E1C-4C89-AF9E-C94E1D56E567}.Release|Any CPU.Build.0 = Release|Any CPU
	EndGlobalSection
	GlobalSection(SolutionProperties) = preSolution
		HideSolutionNode = FALSE
	EndGlobalSection
	GlobalSection(ExtensibilityGlobals) = postSolution
		SolutionGuid = {B1DA08D7-62CB-4619-AE84-8ABC6E44025B}
	EndGlobalSection
EndGlobal
